
Microsoft Visual Studio Solution File, Format Version 11.00
# Visual Studio 2010
Project("{8BC9CEB8-8B4A-11D0-8D11-00A0C91BC942}") = "WordToTxt", "WordToTxt\WordToTxt.vcxproj", "{E3D87DC1-9148-4AD4-B01C-F46DE71B2215}"
EndProject
Global
	GlobalSection(SolutionConfigurationPlatforms) = preSolution
		Debug|Win32 = Debug|Win32
		Release|Win32 = Release|Win32
	EndGlobalSection
	GlobalSection(ProjectConfigurationPlatforms) = postSolution
		{E3D87DC1-9148-4AD4-B01C-F46DE71B2215}.Debug|Win32.ActiveCfg = Debug|Win32
		{E3D87DC1-9148-4AD4-B01C-F46DE71B2215}.Debug|Win32.Build.0 = Debug|Win32
		{E3D87DC1-9148-4AD4-B01C-F46DE71B2215}.Release|Win32.ActiveCfg = Release|Win32
		{E3D87DC1-9148-4AD4-B01C-F46DE71B2215}.Release|Win32.Build.0 = Release|Win32
	EndGlobalSection
	GlobalSection(SolutionProperties) = preSolution
		HideSolutionNode = FALSE
	EndGlobalSection
EndGlobal
